{
    "name": "qrsync-admin-web",
    "version": "0.1.0",
    "lockfileVersion": 1,
    "requires": true,
    "dependencies": {
        "@types/text-encoding": {
            "version": "0.0.30",
            "resolved": "https://registry.npmjs.org/@types/text-encoding/-/text-encoding-0.0.30.tgz",
            "integrity": "sha1-Kte8GShwlMnSdU0jjgmU3SmVeB8=",
            "dev": true
        },
        "text-encoding": {
            "version": "0.6.4",
            "resolved": "https://registry.npmjs.org/text-encoding/-/text-encoding-0.6.4.tgz",
            "integrity": "sha1-45mpgiV6J22uQou5KEXLcb3CbRk=",
            "dev": true
        },
        "typescript": {
            "version": "3.2.4",
            "resolved": "https://registry.npmjs.org/typescript/-/typescript-3.2.4.tgz",
            "integrity": "sha512-0RNDbSdEokBeEAkgNbxJ+BLwSManFy9TeXz8uW+48j/xhEXv1ePME60olyzw2XzUqUBNAYFeJadIqAgNqIACwg==",
            "dev": true
        },
        "zxing-typescript": {
            "version": "0.1.2",
            "resolved": "https://registry.npmjs.org/zxing-typescript/-/zxing-typescript-0.1.2.tgz",
            "integrity": "sha1-ntqPKn6X4lrzsXx3L8gauQKba4g=",
            "dev": true,
            "requires": {
                "@types/text-encoding": "0.0.30",
                "text-encoding": "^0.6.4"
            }
        }
    }
}
